
Microsoft Visual Studio Solution File, Format Version 12.00
# Visual Studio Version 16
VisualStudioVersion = 16.0.31424.327
MinimumVisualStudioVersion = 10.0.40219.1
Project("{2150E333-8FDC-42A3-9474-1A3956D46DE8}") = "src", "src", "{E5EC3904-D031-4823-9B67-0A5EF9FEF68D}"
EndProject
Project("{2150E333-8FDC-42A3-9474-1A3956D46DE8}") = "Building Blocks", "Building Blocks", "{72C6043F-BCC1-44BD-B1A2-5F95569A7210}"
EndProject
Project("{2150E333-8FDC-42A3-9474-1A3956D46DE8}") = "Services", "Services", "{D7BDECCA-55AF-4838-ABCF-C5B373E9B742}"
EndProject
Project("{2150E333-8FDC-42A3-9474-1A3956D46DE8}") = "Web", "Web", "{EDB17005-A2FE-45CD-BF5A-06C0BF0962C0}"
EndProject
Project("{2150E333-8FDC-42A3-9474-1A3956D46DE8}") = "Identity", "Identity", "{D98AC84B-7241-4C87-BE1A-729D3B472E47}"
EndProject
Project("{9A19103F-16F7-4668-BE54-9A1E7A4F7556}") = "NSE.Identity.API", "src\services\NSE.Identity.API\NSE.Identity.API.csproj", "{ED86EE26-0674-4A79-8367-4823D082D542}"
EndProject
Project("{2150E333-8FDC-42A3-9474-1A3956D46DE8}") = "MVC", "MVC", "{3536DBC7-5116-45FC-A908-6C59599B4BA7}"
EndProject
Project("{9A19103F-16F7-4668-BE54-9A1E7A4F7556}") = "NSE.WebApp.MVC", "src\web\NSE.WebApp.MVC\NSE.WebApp.MVC.csproj", "{20858436-D069-49C1-83A9-67739A70B851}"
EndProject
Project("{2150E333-8FDC-42A3-9474-1A3956D46DE8}") = "Core", "Core", "{ACF0CAC0-EB91-4107-A32F-1C1E6E688113}"
EndProject
Project("{9A19103F-16F7-4668-BE54-9A1E7A4F7556}") = "NSE.Core", "src\building blocks\NSE.Core\NSE.Core.csproj", "{4BF81F6F-7ACB-4D6E-BCA6-AC5248F8F3BE}"
EndProject
Project("{2150E333-8FDC-42A3-9474-1A3956D46DE8}") = "Cart", "Cart", "{E88158F8-4520-4316-B132-CFD2DC42979A}"
EndProject
Project("{2150E333-8FDC-42A3-9474-1A3956D46DE8}") = "Customer", "Customer", "{C89FF0BF-F3EB-4755-AFDA-4E0908EDE0B6}"
EndProject
Project("{2150E333-8FDC-42A3-9474-1A3956D46DE8}") = "Catalogue", "Catalogue", "{BCD2C56B-ED6E-48A3-B2E0-6888F6E074AE}"
EndProject
Project("{2150E333-8FDC-42A3-9474-1A3956D46DE8}") = "Payment", "Payment", "{1440B7EF-6BE1-46CA-B7D5-375C791C41FA}"
EndProject
Project("{2150E333-8FDC-42A3-9474-1A3956D46DE8}") = "Orders", "Orders", "{8B6014B7-BDF0-4C70-878E-ADD4ECA32F74}"
EndProject
Project("{9A19103F-16F7-4668-BE54-9A1E7A4F7556}") = "NSE.Orders.API", "src\services\NSE.Orders.API\NSE.Orders.API.csproj", "{8383B6F5-C62B-40E2-A9D7-8D8A3D322BA3}"
EndProject
Project("{FAE04EC0-301F-11D3-BF4B-00C04F79EFBC}") = "NSE.Cart.API", "src\services\NSE.Cart.API\NSE.Cart.API.csproj", "{FBC91E48-AB9D-49A9-927F-11E99B53DC99}"
EndProject
Project("{FAE04EC0-301F-11D3-BF4B-00C04F79EFBC}") = "NSE.Catalogue.API", "src\services\NSE.Catalogue.API\NSE.Catalogue.API.csproj", "{428DD66F-7AEF-40D6-94C8-E03A43C77335}"
EndProject
Project("{FAE04EC0-301F-11D3-BF4B-00C04F79EFBC}") = "NSE.Customer.API", "src\services\NSE.Customer.API\NSE.Customer.API.csproj", "{4EA6C84E-5F9F-4F51-977E-343A372FABE1}"
EndProject
Project("{FAE04EC0-301F-11D3-BF4B-00C04F79EFBC}") = "NSE.Payment.API", "src\services\NSE.Payment.API\NSE.Payment.API.csproj", "{D8811A55-876B-42CD-87B1-0A7434EAA722}"
EndProject
Global
	GlobalSection(SolutionConfigurationPlatforms) = preSolution
		Debug|Any CPU = Debug|Any CPU
		Release|Any CPU = Release|Any CPU
	EndGlobalSection
	GlobalSection(ProjectConfigurationPlatforms) = postSolution
		{ED86EE26-0674-4A79-8367-4823D082D542}.Debug|Any CPU.ActiveCfg = Debug|Any CPU
		{ED86EE26-0674-4A79-8367-4823D082D542}.Debug|Any CPU.Build.0 = Debug|Any CPU
		{ED86EE26-0674-4A79-8367-4823D082D542}.Release|Any CPU.ActiveCfg = Release|Any CPU
		{ED86EE26-0674-4A79-8367-4823D082D542}.Release|Any CPU.Build.0 = Release|Any CPU
		{20858436-D069-49C1-83A9-67739A70B851}.Debug|Any CPU.ActiveCfg = Debug|Any CPU
		{20858436-D069-49C1-83A9-67739A70B851}.Debug|Any CPU.Build.0 = Debug|Any CPU
		{20858436-D069-49C1-83A9-67739A70B851}.Release|Any CPU.ActiveCfg = Release|Any CPU
		{20858436-D069-49C1-83A9-67739A70B851}.Release|Any CPU.Build.0 = Release|Any CPU
		{4BF81F6F-7ACB-4D6E-BCA6-AC5248F8F3BE}.Debug|Any CPU.ActiveCfg = Debug|Any CPU
		{4BF81F6F-7ACB-4D6E-BCA6-AC5248F8F3BE}.Debug|Any CPU.Build.0 = Debug|Any CPU
		{4BF81F6F-7ACB-4D6E-BCA6-AC5248F8F3BE}.Release|Any CPU.ActiveCfg = Release|Any CPU
		{4BF81F6F-7ACB-4D6E-BCA6-AC5248F8F3BE}.Release|Any CPU.Build.0 = Release|Any CPU
		{8383B6F5-C62B-40E2-A9D7-8D8A3D322BA3}.Debug|Any CPU.ActiveCfg = Debug|Any CPU
		{8383B6F5-C62B-40E2-A9D7-8D8A3D322BA3}.Debug|Any CPU.Build.0 = Debug|Any CPU
		{8383B6F5-C62B-40E2-A9D7-8D8A3D322BA3}.Release|Any CPU.ActiveCfg = Release|Any CPU
		{8383B6F5-C62B-40E2-A9D7-8D8A3D322BA3}.Release|Any CPU.Build.0 = Release|Any CPU
		{FBC91E48-AB9D-49A9-927F-11E99B53DC99}.Debug|Any CPU.ActiveCfg = Debug|Any CPU
		{FBC91E48-AB9D-49A9-927F-11E99B53DC99}.Debug|Any CPU.Build.0 = Debug|Any CPU
		{FBC91E48-AB9D-49A9-927F-11E99B53DC99}.Release|Any CPU.ActiveCfg = Release|Any CPU
		{FBC91E48-AB9D-49A9-927F-11E99B53DC99}.Release|Any CPU.Build.0 = Release|Any CPU
		{428DD66F-7AEF-40D6-94C8-E03A43C77335}.Debug|Any CPU.ActiveCfg = Debug|Any CPU
		{428DD66F-7AEF-40D6-94C8-E03A43C77335}.Debug|Any CPU.Build.0 = Debug|Any CPU
		{428DD66F-7AEF-40D6-94C8-E03A43C77335}.Release|Any CPU.ActiveCfg = Release|Any CPU
		{428DD66F-7AEF-40D6-94C8-E03A43C77335}.Release|Any CPU.Build.0 = Release|Any CPU
		{4EA6C84E-5F9F-4F51-977E-343A372FABE1}.Debug|Any CPU.ActiveCfg = Debug|Any CPU
		{4EA6C84E-5F9F-4F51-977E-343A372FABE1}.Debug|Any CPU.Build.0 = Debug|Any CPU
		{4EA6C84E-5F9F-4F51-977E-343A372FABE1}.Release|Any CPU.ActiveCfg = Release|Any CPU
		{4EA6C84E-5F9F-4F51-977E-343A372FABE1}.Release|Any CPU.Build.0 = Release|Any CPU
		{D8811A55-876B-42CD-87B1-0A7434EAA722}.Debug|Any CPU.ActiveCfg = Debug|Any CPU
		{D8811A55-876B-42CD-87B1-0A7434EAA722}.Debug|Any CPU.Build.0 = Debug|Any CPU
		{D8811A55-876B-42CD-87B1-0A7434EAA722}.Release|Any CPU.ActiveCfg = Release|Any CPU
		{D8811A55-876B-42CD-87B1-0A7434EAA722}.Release|Any CPU.Build.0 = Release|Any CPU
	EndGlobalSection
	GlobalSection(SolutionProperties) = preSolution
		HideSolutionNode = FALSE
	EndGlobalSection
	GlobalSection(NestedProjects) = preSolution
		{72C6043F-BCC1-44BD-B1A2-5F95569A7210} = {E5EC3904-D031-4823-9B67-0A5EF9FEF68D}
		{D7BDECCA-55AF-4838-ABCF-C5B373E9B742} = {E5EC3904-D031-4823-9B67-0A5EF9FEF68D}
		{EDB17005-A2FE-45CD-BF5A-06C0BF0962C0} = {E5EC3904-D031-4823-9B67-0A5EF9FEF68D}
		{D98AC84B-7241-4C87-BE1A-729D3B472E47} = {D7BDECCA-55AF-4838-ABCF-C5B373E9B742}
		{ED86EE26-0674-4A79-8367-4823D082D542} = {D98AC84B-7241-4C87-BE1A-729D3B472E47}
		{3536DBC7-5116-45FC-A908-6C59599B4BA7} = {EDB17005-A2FE-45CD-BF5A-06C0BF0962C0}
		{20858436-D069-49C1-83A9-67739A70B851} = {3536DBC7-5116-45FC-A908-6C59599B4BA7}
		{ACF0CAC0-EB91-4107-A32F-1C1E6E688113} = {72C6043F-BCC1-44BD-B1A2-5F95569A7210}
		{4BF81F6F-7ACB-4D6E-BCA6-AC5248F8F3BE} = {ACF0CAC0-EB91-4107-A32F-1C1E6E688113}
		{E88158F8-4520-4316-B132-CFD2DC42979A} = {D7BDECCA-55AF-4838-ABCF-C5B373E9B742}
		{C89FF0BF-F3EB-4755-AFDA-4E0908EDE0B6} = {D7BDECCA-55AF-4838-ABCF-C5B373E9B742}
		{BCD2C56B-ED6E-48A3-B2E0-6888F6E074AE} = {D7BDECCA-55AF-4838-ABCF-C5B373E9B742}
		{1440B7EF-6BE1-46CA-B7D5-375C791C41FA} = {D7BDECCA-55AF-4838-ABCF-C5B373E9B742}
		{8B6014B7-BDF0-4C70-878E-ADD4ECA32F74} = {D7BDECCA-55AF-4838-ABCF-C5B373E9B742}
		{8383B6F5-C62B-40E2-A9D7-8D8A3D322BA3} = {8B6014B7-BDF0-4C70-878E-ADD4ECA32F74}
		{FBC91E48-AB9D-49A9-927F-11E99B53DC99} = {E88158F8-4520-4316-B132-CFD2DC42979A}
		{428DD66F-7AEF-40D6-94C8-E03A43C77335} = {BCD2C56B-ED6E-48A3-B2E0-6888F6E074AE}
		{4EA6C84E-5F9F-4F51-977E-343A372FABE1} = {C89FF0BF-F3EB-4755-AFDA-4E0908EDE0B6}
		{D8811A55-876B-42CD-87B1-0A7434EAA722} = {1440B7EF-6BE1-46CA-B7D5-375C791C41FA}
	EndGlobalSection
	GlobalSection(ExtensibilityGlobals) = postSolution
		SolutionGuid = {F2447488-2D1F-41F5-9A63-D97841B29E53}
	EndGlobalSection
EndGlobal
